// !$*UTF8*$!
{
	archiveVersion = 1;
	classes = {
	};
	objectVersion = 46;
	objects = {

/* Begin PBXBuildFile section */
		94A0D3CB1B1234D100A404BB /* AppDelegate.swift in Sources */ = {isa = PBXBuildFile; fileRef = 94A0D3CA1B1234D100A404BB /* AppDelegate.swift */; };
		94A0D3CD1B1234D100A404BB /* ViewController.swift in Sources */ = {isa = PBXBuildFile; fileRef = 94A0D3CC1B1234D100A404BB /* ViewController.swift */; };
		94A0D3D01B1234D100A404BB /* Main.storyboard in Resources */ = {isa = PBXBuildFile; fileRef = 94A0D3CE1B1234D100A404BB /* Main.storyboard */; };
		94A0D3D21B1234D100A404BB /* Images.xcassets in Resources */ = {isa = PBXBuildFile; fileRef = 94A0D3D11B1234D100A404BB /* Images.xcassets */; };
		94A0D3D51B1234D100A404BB /* LaunchScreen.xib in Resources */ = {isa = PBXBuildFile; fileRef = 94A0D3D31B1234D100A404BB /* LaunchScreen.xib */; };
		94A0D3E11B1234D100A404BB /* AgeOfLaikaTests.swift in Sources */ = {isa = PBXBuildFile; fileRef = 94A0D3E01B1234D100A404BB /* AgeOfLaikaTests.swift */; };
		94A0D3EB1B1235E300A404BB /* AgeOfLaika.jpg in Resources */ = {isa = PBXBuildFile; fileRef = 94A0D3EA1B1235E300A404BB /* AgeOfLaika.jpg */; };
/* End PBXBuildFile section */

/* Begin PBXContainerItemProxy section */
		94A0D3DB1B1234D100A404BB /* PBXContainerItemProxy */ = {
			isa = PBXContainerItemProxy;
			containerPortal = 94A0D3BD1B1234D100A404BB /* Project object */;
			proxyType = 1;
			remoteGlobalIDString = 94A0D3C41B1234D100A404BB;
			remoteInfo = AgeOfLaika;
		};
/* End PBXContainerItemProxy section */

/* Begin PBXFileReference section */
		94A0D3C51B1234D100A404BB /* AgeOfLaika.app */ = {isa = PBXFileReference; explicitFileType = wrapper.application; includeInIndex = 0; path = AgeOfLaika.app; sourceTree = BUILT_PRODUCTS_DIR; };
		94A0D3C91B1234D100A404BB /* Info.plist */ = {isa = PBXFileReference; lastKnownFileType = text.plist.xml; path = Info.plist; sourceTree = "<group>"; };
		94A0D3CA1B1234D100A404BB /* AppDelegate.swift */ = {isa = PBXFileReference; lastKnownFileType = sourcecode.swift; path = AppDelegate.swift; sourceTree = "<group>"; };
		94A0D3CC1B1234D100A404BB /* ViewController.swift */ = {isa = PBXFileReference; lastKnownFileType = sourcecode.swift; path = ViewController.swift; sourceTree = "<group>"; };
		94A0D3CF1B1234D100A404BB /* Base */ = {isa = PBXFileReference; lastKnownFileType = file.storyboard; name = Base; path = Base.lproj/Main.storyboard; sourceTree = "<group>"; };
		94A0D3D11B1234D100A404BB /* Images.xcassets */ = {isa = PBXFileReference; lastKnownFileType = folder.assetcatalog; path = Images.xcassets; sourceTree = "<group>"; };
		94A0D3D41B1234D100A404BB /* Base */ = {isa = PBXFileReference; lastKnownFileType = file.xib; name = Base; path = Base.lproj/LaunchScreen.xib; sourceTree = "<group>"; };
		94A0D3DA1B1234D100A404BB /* AgeOfLaikaTests.xctest */ = {isa = PBXFileReference; explicitFileType = wrapper.cfbundle; includeInIndex = 0; path = AgeOfLaikaTests.xctest; sourceTree = BUILT_PRODUCTS_DIR; };
		94A0D3DF1B1234D100A404BB /* Info.plist */ = {isa = PBXFileReference; lastKnownFileType = text.plist.xml; path = Info.plist; sourceTree = "<group>"; };
		94A0D3E01B1234D100A404BB /* AgeOfLaikaTests.swift */ = {isa = PBXFileReference; lastKnownFileType = sourcecode.swift; path = AgeOfLaikaTests.swift; sourceTree = "<group>"; };
		94A0D3EA1B1235E300A404BB /* AgeOfLaika.jpg */ = {isa = PBXFileReference; lastKnownFileType = image.jpeg; path = AgeOfLaika.jpg; sourceTree = "<group>"; };
/* End PBXFileReference section */

/* Begin PBXFrameworksBuildPhase section */
		94A0D3C21B1234D100A404BB /* Frameworks */ = {
			isa = PBXFrameworksBuildPhase;
			buildActionMask = 2147483647;
			files = (
			);
			runOnlyForDeploymentPostprocessing = 0;
		};
		94A0D3D71B1234D100A404BB /* Frameworks */ = {
			isa = PBXFrameworksBuildPhase;
			buildActionMask = 2147483647;
			files = (
			);
			runOnlyForDeploymentPostprocessing = 0;
		};
/* End PBXFrameworksBuildPhase section */

/* Begin PBXGroup section */
		94A0D3BC1B1234D100A404BB = {
			isa = PBXGroup;
			children = (
				94A0D3C71B1234D100A404BB /* AgeOfLaika */,
				94A0D3DD1B1234D100A404BB /* AgeOfLaikaTests */,
				94A0D3C61B1234D100A404BB /* Products */,
			);
			sourceTree = "<group>";
		};
		94A0D3C61B1234D100A404BB /* Products */ = {
			isa = PBXGroup;
			children = (
				94A0D3C51B1234D100A404BB /* AgeOfLaika.app */,
				94A0D3DA1B1234D100A404BB /* AgeOfLaikaTests.xctest */,
			);
			name = Products;
			sourceTree = "<group>";
		};
		94A0D3C71B1234D100A404BB /* AgeOfLaika */ = {
			isa = PBXGroup;
			children = (
				94A0D3CA1B1234D100A404BB /* AppDelegate.swift */,
				94A0D3CC1B1234D100A404BB /* ViewController.swift */,
				94A0D3CE1B1234D100A404BB /* Main.storyboard */,
				94A0D3D11B1234D100A404BB /* Images.xcassets */,
				94A0D3D31B1234D100A404BB /* LaunchScreen.xib */,
				94A0D3C81B1234D100A404BB /* Supporting Files */,
			);
			path = AgeOfLaika;
			sourceTree = "<group>";
		};
		94A0D3C81B1234D100A404BB /* Supporting Files */ = {
			isa = PBXGroup;
			children = (
				94A0D3EA1B1235E300A404BB /* AgeOfLaika.jpg */,
				94A0D3C91B1234D100A404BB /* Info.plist */,
			);
			name = "Supporting Files";
			sourceTree = "<group>";
		};
		94A0D3DD1B1234D100A404BB /* AgeOfLaikaTests */ = {
			isa = PBXGroup;
			children = (
				94A0D3E01B1234D100A404BB /* AgeOfLaikaTests.swift */,
				94A0D3DE1B1234D100A404BB /* Supporting Files */,
			);
			path = AgeOfLaikaTests;
			sourceTree = "<group>";
		};
		94A0D3DE1B1234D100A404BB /* Supporting Files */ = {
			isa = PBXGroup;
			children = (
				94A0D3DF1B1234D100A404BB /* Info.plist */,
			);
			name = "Supporting Files";
			sourceTree = "<group>";
		};
/* End PBXGroup section */

/* Begin PBXNativeTarget section */
		94A0D3C41B1234D100A404BB /* AgeOfLaika */ = {
			isa = PBXNativeTarget;
			buildConfigurationList = 94A0D3E41B1234D100A404BB /* Build configuration list for PBXNativeTarget "AgeOfLaika" */;
			buildPhases = (
				94A0D3C11B1234D100A404BB /* Sources */,
				94A0D3C21B1234D100A404BB /* Frameworks */,
				94A0D3C31B1234D100A404BB /* Resources */,
			);
			buildRules = (
			);
			dependencies = (
			);
			name = AgeOfLaika;
			productName = AgeOfLaika;
			productReference = 94A0D3C51B1234D100A404BB /* AgeOfLaika.app */;
			productType = "com.apple.product-type.application";
		};
		94A0D3D91B1234D100A404BB /* AgeOfLaikaTests */ = {
			isa = PBXNativeTarget;
			buildConfigurationList = 94A0D3E71B1234D100A404BB /* Build configuration list for PBXNativeTarget "AgeOfLaikaTests" */;
			buildPhases = (
				94A0D3D61B1234D100A404BB /* Sources */,
				94A0D3D71B1234D100A404BB /* Frameworks */,
				94A0D3D81B1234D100A404BB /* Resources */,
			);
			buildRules = (
			);
			dependencies = (
				94A0D3DC1B1234D100A404BB /* PBXTargetDependency */,
			);
			name = AgeOfLaikaTests;
			productName = AgeOfLaikaTests;
			productReference = 94A0D3DA1B1234D100A404BB /* AgeOfLaikaTests.xctest */;
			productType = "com.apple.product-type.bundle.unit-test";
		};
/* End PBXNativeTarget section */

/* Begin PBXProject section */
		94A0D3BD1B1234D100A404BB /* Project object */ = {
			isa = PBXProject;
			attributes = {
				LastUpgradeCheck = 0630;
				ORGANIZATIONNAME = "Ryan Maule";
				TargetAttributes = {
					94A0D3C41B1234D100A404BB = {
						CreatedOnToolsVersion = 6.3.2;
					};
					94A0D3D91B1234D100A404BB = {
						CreatedOnToolsVersion = 6.3.2;
						TestTargetID = 94A0D3C41B1234D100A404BB;
					};
				};
			};
			buildConfigurationList = 94A0D3C01B1234D100A404BB /* Build configuration list for PBXProject "AgeOfLaika" */;
			compatibilityVersion = "Xcode 3.2";
			developmentRegion = English;
			hasScannedForEncodings = 0;
			knownRegions = (
				en,
				Base,
			);
			mainGroup = 94A0D3BC1B1234D100A404BB;
			productRefGroup = 94A0D3C61B1234D100A404BB /* Products */;
			projectDirPath = "";
			projectRoot = "";
			targets = (
				94A0D3C41B1234D100A404BB /* AgeOfLaika */,
				94A0D3D91B1234D100A404BB /* AgeOfLaikaTests */,
			);
		};
/* End PBXProject section */

/* Begin PBXResourcesBuildPhase section */
		94A0D3C31B1234D100A404BB /* Resources */ = {
			isa = PBXResourcesBuildPhase;
			buildActionMask = 2147483647;
			files = (
				94A0D3D01B1234D100A404BB /* Main.storyboard in Resources */,
				94A0D3EB1B1235E300A404BB /* AgeOfLaika.jpg in Resources */,
				94A0D3D51B1234D100A404BB /* LaunchScreen.xib in Resources */,
				94A0D3D21B1234D100A404BB /* Images.xcassets in Resources */,
			);
			runOnlyForDeploymentPostprocessing = 0;
		};
		94A0D3D81B1234D100A404BB /* Resources */ = {
			isa = PBXResourcesBuildPhase;
			buildActionMask = 2147483647;
			files = (
			);
			runOnlyForDeploymentPostprocessing = 0;
		};
/* End PBXResourcesBuildPhase section */

/* Begin PBXSourcesBuildPhase section */
		94A0D3C11B1234D100A404BB /* Sources */ = {
			isa = PBXSourcesBuildPhase;
			buildActionMask = 2147483647;
			files = (
				94A0D3CD1B1234D100A404BB /* ViewController.swift in Sources */,
				94A0D3CB1B1234D100A404BB /* AppDelegate.swift in Sources */,
			);
			runOnlyForDeploymentPostprocessing = 0;
		};
		94A0D3D61B1234D100A404BB /* Sources */ = {
			isa = PBXSourcesBuildPhase;
			buildActionMask = 2147483647;
			files = (
				94A0D3E11B1234D100A404BB /* AgeOfLaikaTests.swift in Sources */,
			);
			runOnlyForDeploymentPostprocessing = 0;
		};
/* End PBXSourcesBuildPhase section */

/* Begin PBXTargetDependency section */
		94A0D3DC1B1234D100A404BB /* PBXTargetDependency */ = {
			isa = PBXTargetDependency;
			target = 94A0D3C41B1234D100A404BB /* AgeOfLaika */;
			targetProxy = 94A0D3DB1B1234D100A404BB /* PBXContainerItemProxy */;
		};
/* End PBXTargetDependency section */

/* Begin PBXVariantGroup section */
		94A0D3CE1B1234D100A404BB /* Main.storyboard */ = {
			isa = PBXVariantGroup;
			children = (
				94A0D3CF1B1234D100A404BB /* Base */,
			);
			name = Main.storyboard;
			sourceTree = "<group>";
		};
		94A0D3D31B1234D100A404BB /* LaunchScreen.xib */ = {
			isa = PBXVariantGroup;
			children = (
				94A0D3D41B1234D100A404BB /* Base */,
			);
			name = LaunchScreen.xib;
			sourceTree = "<group>";
		};
/* End PBXVariantGroup section */

/* Begin XCBuildConfiguration section */
		94A0D3E21B1234D100A404BB /* Debug */ = {
			isa = XCBuildConfiguration;
			buildSettings = {
				ALWAYS_SEARCH_USER_PATHS = NO;
				CLANG_CXX_LANGUAGE_STANDARD = "gnu++0x";
				CLANG_CXX_LIBRARY = "libc++";
				CLANG_ENABLE_MODULES = YES;
				CLANG_ENABLE_OBJC_ARC = YES;
				CLANG_WARN_BOOL_CONVERSION = YES;
				CLANG_WARN_CONSTANT_CONVERSION = YES;
				CLANG_WARN_DIRECT_OBJC_ISA_USAGE = YES_ERROR;
				CLANG_WARN_EMPTY_BODY = YES;
				CLANG_WARN_ENUM_CONVERSION = YES;
				CLANG_WARN_INT_CONVERSION = YES;
				CLANG_WARN_OBJC_ROOT_CLASS = YES_ERROR;
				CLANG_WARN_UNREACHABLE_CODE = YES;
				CLANG_WARN__DUPLICATE_METHOD_MATCH = YES;
				"CODE_SIGN_IDENTITY[sdk=iphoneos*]" = "iPhone Developer";
				COPY_PHASE_STRIP = NO;
				DEBUG_INFORMATION_FORMAT = "dwarf-with-dsym";
				ENABLE_STRICT_OBJC_MSGSEND = YES;
				GCC_C_LANGUAGE_STANDARD = gnu99;
				GCC_DYNAMIC_NO_PIC = NO;
				GCC_NO_COMMON_BLOCKS = YES;
				GCC_OPTIMIZATION_LEVEL = 0;
				GCC_PREPROCESSOR_DEFINITIONS = (
					"DEBUG=1",
					"$(inherited)",
				);
				GCC_SYMBOLS_PRIVATE_EXTERN = NO;
				GCC_WARN_64_TO_32_BIT_CONVERSION = YES;
				GCC_WARN_ABOUT_RETURN_TYPE = YES_ERROR;
				GCC_WARN_UNDECLARED_SELECTOR = YES;
				GCC_WARN_UNINITIALIZED_AUTOS = YES_AGGRESSIVE;
				GCC_WARN_UNUSED_FUNCTION = YES;
				GCC_WARN_UNUSED_VARIABLE = YES;
				IPHONEOS_DEPLOYMENT_TARGET = 8.3;
				MTL_ENABLE_DEBUG_INFO = YES;
				ONLY_ACTIVE_ARCH = YES;
				SDKROOT = iphoneos;
				SWIFT_OPTIMIZATION_LEVEL = "-Onone";
				TARGETED_DEVICE_FAMILY = "1,2";
			};
			name = Debug;
		};
		94A0D3E31B1234D100A404BB /* Release */ = {
			isa = XCBuildConfiguration;
			buildSettings = {
				ALWAYS_SEARCH_USER_PATHS = NO;
				CLANG_CXX_LANGUAGE_STANDARD = "gnu++0x";
				CLANG_CXX_LIBRARY = "libc++";
				CLANG_ENABLE_MODULES = YES;
				CLANG_ENABLE_OBJC_ARC = YES;
				CLANG_WARN_BOOL_CONVERSION = YES;
				CLANG_WARN_CONSTANT_CONVERSION = YES;
				CLANG_WARN_DIRECT_OBJC_ISA_USAGE = YES_ERROR;
				CLANG_WARN_EMPTY_BODY = YES;
				CLANG_WARN_ENUM_CONVERSION = YES;
				CLANG_WARN_INT_CONVERSION = YES;
				CLANG_WARN_OBJC_ROOT_CLASS = YES_ERROR;
				CLANG_WARN_UNREACHABLE_CODE = YES;
				CLANG_WARN__DUPLICATE_METHOD_MATCH = YES;
				"CODE_SIGN_IDENTITY[sdk=iphoneos*]" = "iPhone Developer";
				COPY_PHASE_STRIP = NO;
				DEBUG_INFORMATION_FORMAT = "dwarf-with-dsym";
				ENABLE_NS_ASSERTIONS = NO;
				ENABLE_STRICT_OBJC_MSGSEND = YES;
				GCC_C_LANGUAGE_STANDARD = gnu99;
				GCC_NO_COMMON_BLOCKS = YES;
				GCC_WARN_64_TO_32_BIT_CONVERSION = YES;
				GCC_WARN_ABOUT_RETURN_TYPE = YES_ERROR;
				GCC_WARN_UNDECLARED_SELECTOR = YES;
				GCC_WARN_UNINITIALIZED_AUTOS = YES_AGGRESSIVE;
				GCC_WARN_UNUSED_FUNCTION = YES;
				GCC_WARN_UNUSED_VARIABLE = YES;
				IPHONEOS_DEPLOYMENT_TARGET = 8.3;
				MTL_ENABLE_DEBUG_INFO = NO;
				SDKROOT = iphoneos;
				TARGETED_DEVICE_FAMILY = "1,2";
				VALIDATE_PRODUCT = YES;
			};
			name = Release;
		};
		94A0D3E51B1234D100A404BB /* Debug */ = {
			isa = XCBuildConfiguration;
			buildSettings = {
				ASSETCATALOG_COMPILER_APPICON_NAME = AppIcon;
				INFOPLIST_FILE = AgeOfLaika/Info.plist;
				LD_RUNPATH_SEARCH_PATHS = "$(inherited) @executable_path/Frameworks";
				PRODUCT_NAME = "$(TARGET_NAME)";
			};
			name = Debug;
		};
		94A0D3E61B1234D100A404BB /* Release */ = {
			isa = XCBuildConfiguration;
			buildSettings = {
				ASSETCATALOG_COMPILER_APPICON_NAME = AppIcon;
				INFOPLIST_FILE = AgeOfLaika/Info.plist;
				LD_RUNPATH_SEARCH_PATHS = "$(inherited) @executable_path/Frameworks";
				PRODUCT_NAME = "$(TARGET_NAME)";
			};
			name = Release;
		};
		94A0D3E81B1234D100A404BB /* Debug */ = {
			isa = XCBuildConfiguration;
			buildSettings = {
				BUNDLE_LOADER = "$(TEST_HOST)";
				FRAMEWORK_SEARCH_PATHS = (
					"$(SDKROOT)/Developer/Library/Frameworks",
					"$(inherited)",
				);
				GCC_PREPROCESSOR_DEFINITIONS = (
					"DEBUG=1",
					"$(inherited)",
				);
				INFOPLIST_FILE = AgeOfLaikaTests/Info.plist;
				LD_RUNPATH_SEARCH_PATHS = "$(inherited) @executable_path/Frameworks @loader_path/Frameworks";
				PRODUCT_NAME = "$(TARGET_NAME)";
				TEST_HOST = "$(BUILT_PRODUCTS_DIR)/AgeOfLaika.app/AgeOfLaika";
			};
			name = Debug;
		};
		94A0D3E91B1234D100A404BB /* Release */ = {
			isa = XCBuildConfiguration;
			buildSettings = {
				BUNDLE_LOADER = "$(TEST_HOST)";
				FRAMEWORK_SEARCH_PATHS = (
					"$(SDKROOT)/Developer/Library/Frameworks",
					"$(inherited)",
				);
				INFOPLIST_FILE = AgeOfLaikaTests/Info.plist;
				LD_RUNPATH_SEARCH_PATHS = "$(inherited) @executable_path/Frameworks @loader_path/Frameworks";
				PRODUCT_NAME = "$(TARGET_NAME)";
				TEST_HOST = "$(BUILT_PRODUCTS_DIR)/AgeOfLaika.app/AgeOfLaika";
			};
			name = Release;
		};
/* End XCBuildConfiguration section */

/* Begin XCConfigurationList section */
		94A0D3C01B1234D100A404BB /* Build configuration list for PBXProject "AgeOfLaika" */ = {
			isa = XCConfigurationList;
			buildConfigurations = (
				94A0D3E21B1234D100A404BB /* Debug */,
				94A0D3E31B1234D100A404BB /* Release */,
			);
			defaultConfigurationIsVisible = 0;
			defaultConfigurationName = Release;
		};
		94A0D3E41B1234D100A404BB /* Build configuration list for PBXNativeTarget "AgeOfLaika" */ = {
			isa = XCConfigurationList;
			buildConfigurations = (
				94A0D3E51B1234D100A404BB /* Debug */,
				94A0D3E61B1234D100A404BB /* Release */,
			);
			defaultConfigurationIsVisible = 0;
		};
		94A0D3E71B1234D100A404BB /* Build configuration list for PBXNativeTarget "AgeOfLaikaTests" */ = {
			isa = XCConfigurationList;
			buildConfigurations = (
				94A0D3E81B1234D100A404BB /* Debug */,
				94A0D3E91B1234D100A404BB /* Release */,
			);
			defaultConfigurationIsVisible = 0;
		};
/* End XCConfigurationList section */
	};
	rootObject = 94A0D3BD1B1234D100A404BB /* Project object */;
}
